// !$*UTF8*$!
{
	archiveVersion = 1;
	classes = {
	};
	objectVersion = 56;
	objects = {

/* Begin PBXBuildFile section */
		CEFD3F732CF0AC780006E47A /* AppDelegate.swift in Sources */ = {isa = PBXBuildFile; fileRef = CEFD3F722CF0AC780006E47A /* AppDelegate.swift */; };
		CEFD3F752CF0AC780006E47A /* SceneDelegate.swift in Sources */ = {isa = PBXBuildFile; fileRef = CEFD3F742CF0AC780006E47A /* SceneDelegate.swift */; };
		CEFD3F772CF0AC780006E47A /* ViewController.swift in Sources */ = {isa = PBXBuildFile; fileRef = CEFD3F762CF0AC780006E47A /* ViewController.swift */; };
		CEFD3F7A2CF0AC780006E47A /* Base in Resources */ = {isa = PBXBuildFile; fileRef = CEFD3F792CF0AC780006E47A /* Base */; };
		CEFD3F7D2CF0AC780006E47A /* ImageFeed.xcdatamodeld in Sources */ = {isa = PBXBuildFile; fileRef = CEFD3F7B2CF0AC780006E47A /* ImageFeed.xcdatamodeld */; };
		CEFD3F7F2CF0AC7A0006E47A /* Assets.xcassets in Resources */ = {isa = PBXBuildFile; fileRef = CEFD3F7E2CF0AC7A0006E47A /* Assets.xcassets */; };
		CEFD3F822CF0AC7A0006E47A /* Base in Resources */ = {isa = PBXBuildFile; fileRef = CEFD3F812CF0AC7A0006E47A /* Base */; };
		CEFD3F8D2CF0AC7B0006E47A /* ImageFeedTests.swift in Sources */ = {isa = PBXBuildFile; fileRef = CEFD3F8C2CF0AC7B0006E47A /* ImageFeedTests.swift */; };
		CEFD3F972CF0AC7B0006E47A /* ImageFeedUITests.swift in Sources */ = {isa = PBXBuildFile; fileRef = CEFD3F962CF0AC7B0006E47A /* ImageFeedUITests.swift */; };
		CEFD3F992CF0AC7B0006E47A /* ImageFeedUITestsLaunchTests.swift in Sources */ = {isa = PBXBuildFile; fileRef = CEFD3F982CF0AC7B0006E47A /* ImageFeedUITestsLaunchTests.swift */; };
/* End PBXBuildFile section */

/* Begin PBXContainerItemProxy section */
		CEFD3F892CF0AC7B0006E47A /* PBXContainerItemProxy */ = {
			isa = PBXContainerItemProxy;
			containerPortal = CEFD3F672CF0AC780006E47A /* Project object */;
			proxyType = 1;
			remoteGlobalIDString = CEFD3F6E2CF0AC780006E47A;
			remoteInfo = ImageFeed;
		};
		CEFD3F932CF0AC7B0006E47A /* PBXContainerItemProxy */ = {
			isa = PBXContainerItemProxy;
			containerPortal = CEFD3F672CF0AC780006E47A /* Project object */;
			proxyType = 1;
			remoteGlobalIDString = CEFD3F6E2CF0AC780006E47A;
			remoteInfo = ImageFeed;
		};
/* End PBXContainerItemProxy section */

/* Begin PBXFileReference section */
		CEFD3F6F2CF0AC780006E47A /* ImageFeed.app */ = {isa = PBXFileReference; explicitFileType = wrapper.application; includeInIndex = 0; path = ImageFeed.app; sourceTree = BUILT_PRODUCTS_DIR; };
		CEFD3F722CF0AC780006E47A /* AppDelegate.swift */ = {isa = PBXFileReference; lastKnownFileType = sourcecode.swift; path = AppDelegate.swift; sourceTree = "<group>"; };
		CEFD3F742CF0AC780006E47A /* SceneDelegate.swift */ = {isa = PBXFileReference; lastKnownFileType = sourcecode.swift; path = SceneDelegate.swift; sourceTree = "<group>"; };
		CEFD3F762CF0AC780006E47A /* ViewController.swift */ = {isa = PBXFileReference; lastKnownFileType = sourcecode.swift; path = ViewController.swift; sourceTree = "<group>"; };
		CEFD3F792CF0AC780006E47A /* Base */ = {isa = PBXFileReference; lastKnownFileType = file.storyboard; name = Base; path = Base.lproj/Main.storyboard; sourceTree = "<group>"; };
		CEFD3F7C2CF0AC780006E47A /* ImageFeed.xcdatamodel */ = {isa = PBXFileReference; lastKnownFileType = wrapper.xcdatamodel; path = ImageFeed.xcdatamodel; sourceTree = "<group>"; };
		CEFD3F7E2CF0AC7A0006E47A /* Assets.xcassets */ = {isa = PBXFileReference; lastKnownFileType = folder.assetcatalog; path = Assets.xcassets; sourceTree = "<group>"; };
		CEFD3F812CF0AC7A0006E47A /* Base */ = {isa = PBXFileReference; lastKnownFileType = file.storyboard; name = Base; path = Base.lproj/LaunchScreen.storyboard; sourceTree = "<group>"; };
		CEFD3F832CF0AC7A0006E47A /* Info.plist */ = {isa = PBXFileReference; lastKnownFileType = text.plist.xml; path = Info.plist; sourceTree = "<group>"; };
		CEFD3F882CF0AC7B0006E47A /* ImageFeedTests.xctest */ = {isa = PBXFileReference; explicitFileType = wrapper.cfbundle; includeInIndex = 0; path = ImageFeedTests.xctest; sourceTree = BUILT_PRODUCTS_DIR; };
		CEFD3F8C2CF0AC7B0006E47A /* ImageFeedTests.swift */ = {isa = PBXFileReference; lastKnownFileType = sourcecode.swift; path = ImageFeedTests.swift; sourceTree = "<group>"; };
		CEFD3F922CF0AC7B0006E47A /* ImageFeedUITests.xctest */ = {isa = PBXFileReference; explicitFileType = wrapper.cfbundle; includeInIndex = 0; path = ImageFeedUITests.xctest; sourceTree = BUILT_PRODUCTS_DIR; };
		CEFD3F962CF0AC7B0006E47A /* ImageFeedUITests.swift */ = {isa = PBXFileReference; lastKnownFileType = sourcecode.swift; path = ImageFeedUITests.swift; sourceTree = "<group>"; };
		CEFD3F982CF0AC7B0006E47A /* ImageFeedUITestsLaunchTests.swift */ = {isa = PBXFileReference; lastKnownFileType = sourcecode.swift; path = ImageFeedUITestsLaunchTests.swift; sourceTree = "<group>"; };
/* End PBXFileReference section */

/* Begin PBXFrameworksBuildPhase section */
		CEFD3F6C2CF0AC780006E47A /* Frameworks */ = {
			isa = PBXFrameworksBuildPhase;
			buildActionMask = 2147483647;
			files = (
			);
			runOnlyForDeploymentPostprocessing = 0;
		};
		CEFD3F852CF0AC7B0006E47A /* Frameworks */ = {
			isa = PBXFrameworksBuildPhase;
			buildActionMask = 2147483647;
			files = (
			);
			runOnlyForDeploymentPostprocessing = 0;
		};
		CEFD3F8F2CF0AC7B0006E47A /* Frameworks */ = {
			isa = PBXFrameworksBuildPhase;
			buildActionMask = 2147483647;
			files = (
			);
			runOnlyForDeploymentPostprocessing = 0;
		};
/* End PBXFrameworksBuildPhase section */

/* Begin PBXGroup section */
		CEFD3F662CF0AC780006E47A = {
			isa = PBXGroup;
			children = (
				CEFD3F712CF0AC780006E47A /* ImageFeed */,
				CEFD3F8B2CF0AC7B0006E47A /* ImageFeedTests */,
				CEFD3F952CF0AC7B0006E47A /* ImageFeedUITests */,
				CEFD3F702CF0AC780006E47A /* Products */,
			);
			sourceTree = "<group>";
		};
		CEFD3F702CF0AC780006E47A /* Products */ = {
			isa = PBXGroup;
			children = (
				CEFD3F6F2CF0AC780006E47A /* ImageFeed.app */,
				CEFD3F882CF0AC7B0006E47A /* ImageFeedTests.xctest */,
				CEFD3F922CF0AC7B0006E47A /* ImageFeedUITests.xctest */,
			);
			name = Products;
			sourceTree = "<group>";
		};
		CEFD3F712CF0AC780006E47A /* ImageFeed */ = {
			isa = PBXGroup;
			children = (
				CEFD3F722CF0AC780006E47A /* AppDelegate.swift */,
				CEFD3F742CF0AC780006E47A /* SceneDelegate.swift */,
				CEFD3F762CF0AC780006E47A /* ViewController.swift */,
				CEFD3F782CF0AC780006E47A /* Main.storyboard */,
				CEFD3F7E2CF0AC7A0006E47A /* Assets.xcassets */,
				CEFD3F802CF0AC7A0006E47A /* LaunchScreen.storyboard */,
				CEFD3F832CF0AC7A0006E47A /* Info.plist */,
				CEFD3F7B2CF0AC780006E47A /* ImageFeed.xcdatamodeld */,
			);
			path = ImageFeed;
			sourceTree = "<group>";
		};
		CEFD3F8B2CF0AC7B0006E47A /* ImageFeedTests */ = {
			isa = PBXGroup;
			children = (
				CEFD3F8C2CF0AC7B0006E47A /* ImageFeedTests.swift */,
			);
			path = ImageFeedTests;
			sourceTree = "<group>";
		};
		CEFD3F952CF0AC7B0006E47A /* ImageFeedUITests */ = {
			isa = PBXGroup;
			children = (
				CEFD3F962CF0AC7B0006E47A /* ImageFeedUITests.swift */,
				CEFD3F982CF0AC7B0006E47A /* ImageFeedUITestsLaunchTests.swift */,
			);
			path = ImageFeedUITests;
			sourceTree = "<group>";
		};
/* End PBXGroup section */

/* Begin PBXNativeTarget section */
		CEFD3F6E2CF0AC780006E47A /* ImageFeed */ = {
			isa = PBXNativeTarget;
			buildConfigurationList = CEFD3F9C2CF0AC7B0006E47A /* Build configuration list for PBXNativeTarget "ImageFeed" */;
			buildPhases = (
				CEFD3F6B2CF0AC780006E47A /* Sources */,
				CEFD3F6C2CF0AC780006E47A /* Frameworks */,
				CEFD3F6D2CF0AC780006E47A /* Resources */,
			);
			buildRules = (
			);
			dependencies = (
			);
			name = ImageFeed;
			productName = ImageFeed;
			productReference = CEFD3F6F2CF0AC780006E47A /* ImageFeed.app */;
			productType = "com.apple.product-type.application";
		};
		CEFD3F872CF0AC7B0006E47A /* ImageFeedTests */ = {
			isa = PBXNativeTarget;
			buildConfigurationList = CEFD3F9F2CF0AC7B0006E47A /* Build configuration list for PBXNativeTarget "ImageFeedTests" */;
			buildPhases = (
				CEFD3F842CF0AC7B0006E47A /* Sources */,
				CEFD3F852CF0AC7B0006E47A /* Frameworks */,
				CEFD3F862CF0AC7B0006E47A /* Resources */,
			);
			buildRules = (
			);
			dependencies = (
				CEFD3F8A2CF0AC7B0006E47A /* PBXTargetDependency */,
			);
			name = ImageFeedTests;
			productName = ImageFeedTests;
			productReference = CEFD3F882CF0AC7B0006E47A /* ImageFeedTests.xctest */;
			productType = "com.apple.product-type.bundle.unit-test";
		};
		CEFD3F912CF0AC7B0006E47A /* ImageFeedUITests */ = {
			isa = PBXNativeTarget;
			buildConfigurationList = CEFD3FA22CF0AC7B0006E47A /* Build configuration list for PBXNativeTarget "ImageFeedUITests" */;
			buildPhases = (
				CEFD3F8E2CF0AC7B0006E47A /* Sources */,
				CEFD3F8F2CF0AC7B0006E47A /* Frameworks */,
				CEFD3F902CF0AC7B0006E47A /* Resources */,
			);
			buildRules = (
			);
			dependencies = (
				CEFD3F942CF0AC7B0006E47A /* PBXTargetDependency */,
			);
			name = ImageFeedUITests;
			productName = ImageFeedUITests;
			productReference = CEFD3F922CF0AC7B0006E47A /* ImageFeedUITests.xctest */;
			productType = "com.apple.product-type.bundle.ui-testing";
		};
/* End PBXNativeTarget section */

/* Begin PBXProject section */
		CEFD3F672CF0AC780006E47A /* Project object */ = {
			isa = PBXProject;
			attributes = {
				BuildIndependentTargetsInParallel = 1;
				LastSwiftUpdateCheck = 1540;
				LastUpgradeCheck = 1540;
				TargetAttributes = {
					CEFD3F6E2CF0AC780006E47A = {
						CreatedOnToolsVersion = 15.4;
					};
					CEFD3F872CF0AC7B0006E47A = {
						CreatedOnToolsVersion = 15.4;
						TestTargetID = CEFD3F6E2CF0AC780006E47A;
					};
					CEFD3F912CF0AC7B0006E47A = {
						CreatedOnToolsVersion = 15.4;
						TestTargetID = CEFD3F6E2CF0AC780006E47A;
					};
				};
			};
			buildConfigurationList = CEFD3F6A2CF0AC780006E47A /* Build configuration list for PBXProject "ImageFeed" */;
			compatibilityVersion = "Xcode 14.0";
			developmentRegion = en;
			hasScannedForEncodings = 0;
			knownRegions = (
				en,
				Base,
			);
			mainGroup = CEFD3F662CF0AC780006E47A;
			productRefGroup = CEFD3F702CF0AC780006E47A /* Products */;
			projectDirPath = "";
			projectRoot = "";
			targets = (
				CEFD3F6E2CF0AC780006E47A /* ImageFeed */,
				CEFD3F872CF0AC7B0006E47A /* ImageFeedTests */,
				CEFD3F912CF0AC7B0006E47A /* ImageFeedUITests */,
			);
		};
/* End PBXProject section */

/* Begin PBXResourcesBuildPhase section */
		CEFD3F6D2CF0AC780006E47A /* Resources */ = {
			isa = PBXResourcesBuildPhase;
			buildActionMask = 2147483647;
			files = (
				CEFD3F7F2CF0AC7A0006E47A /* Assets.xcassets in Resources */,
				CEFD3F822CF0AC7A0006E47A /* Base in Resources */,
				CEFD3F7A2CF0AC780006E47A /* Base in Resources */,
			);
			runOnlyForDeploymentPostprocessing = 0;
		};
		CEFD3F862CF0AC7B0006E47A /* Resources */ = {
			isa = PBXResourcesBuildPhase;
			buildActionMask = 2147483647;
			files = (
			);
			runOnlyForDeploymentPostprocessing = 0;
		};
		CEFD3F902CF0AC7B0006E47A /* Resources */ = {
			isa = PBXResourcesBuildPhase;
			buildActionMask = 2147483647;
			files = (
			);
			runOnlyForDeploymentPostprocessing = 0;
		};
/* End PBXResourcesBuildPhase section */

/* Begin PBXSourcesBuildPhase section */
		CEFD3F6B2CF0AC780006E47A /* Sources */ = {
			isa = PBXSourcesBuildPhase;
			buildActionMask = 2147483647;
			files = (
				CEFD3F772CF0AC780006E47A /* ViewController.swift in Sources */,
				CEFD3F7D2CF0AC780006E47A /* ImageFeed.xcdatamodeld in Sources */,
				CEFD3F732CF0AC780006E47A /* AppDelegate.swift in Sources */,
				CEFD3F752CF0AC780006E47A /* SceneDelegate.swift in Sources */,
			);
			runOnlyForDeploymentPostprocessing = 0;
		};
		CEFD3F842CF0AC7B0006E47A /* Sources */ = {
			isa = PBXSourcesBuildPhase;
			buildActionMask = 2147483647;
			files = (
				CEFD3F8D2CF0AC7B0006E47A /* ImageFeedTests.swift in Sources */,
			);
			runOnlyForDeploymentPostprocessing = 0;
		};
		CEFD3F8E2CF0AC7B0006E47A /* Sources */ = {
			isa = PBXSourcesBuildPhase;
			buildActionMask = 2147483647;
			files = (
				CEFD3F992CF0AC7B0006E47A /* ImageFeedUITestsLaunchTests.swift in Sources */,
				CEFD3F972CF0AC7B0006E47A /* ImageFeedUITests.swift in Sources */,
			);
			runOnlyForDeploymentPostprocessing = 0;
		};
/* End PBXSourcesBuildPhase section */

/* Begin PBXTargetDependency section */
		CEFD3F8A2CF0AC7B0006E47A /* PBXTargetDependency */ = {
			isa = PBXTargetDependency;
			target = CEFD3F6E2CF0AC780006E47A /* ImageFeed */;
			targetProxy = CEFD3F892CF0AC7B0006E47A /* PBXContainerItemProxy */;
		};
		CEFD3F942CF0AC7B0006E47A /* PBXTargetDependency */ = {
			isa = PBXTargetDependency;
			target = CEFD3F6E2CF0AC780006E47A /* ImageFeed */;
			targetProxy = CEFD3F932CF0AC7B0006E47A /* PBXContainerItemProxy */;
		};
/* End PBXTargetDependency section */

/* Begin PBXVariantGroup section */
		CEFD3F782CF0AC780006E47A /* Main.storyboard */ = {
			isa = PBXVariantGroup;
			children = (
				CEFD3F792CF0AC780006E47A /* Base */,
			);
			name = Main.storyboard;
			sourceTree = "<group>";
		};
		CEFD3F802CF0AC7A0006E47A /* LaunchScreen.storyboard */ = {
			isa = PBXVariantGroup;
			children = (
				CEFD3F812CF0AC7A0006E47A /* Base */,
			);
			name = LaunchScreen.storyboard;
			sourceTree = "<group>";
		};
/* End PBXVariantGroup section */

/* Begin XCBuildConfiguration section */
		CEFD3F9A2CF0AC7B0006E47A /* Debug */ = {
			isa = XCBuildConfiguration;
			buildSettings = {
				ALWAYS_SEARCH_USER_PATHS = NO;
				ASSETCATALOG_COMPILER_GENERATE_SWIFT_ASSET_SYMBOL_EXTENSIONS = YES;
				CLANG_ANALYZER_NONNULL = YES;
				CLANG_ANALYZER_NUMBER_OBJECT_CONVERSION = YES_AGGRESSIVE;
				CLANG_CXX_LANGUAGE_STANDARD = "gnu++20";
				CLANG_ENABLE_MODULES = YES;
				CLANG_ENABLE_OBJC_ARC = YES;
				CLANG_ENABLE_OBJC_WEAK = YES;
				CLANG_WARN_BLOCK_CAPTURE_AUTORELEASING = YES;
				CLANG_WARN_BOOL_CONVERSION = YES;
				CLANG_WARN_COMMA = YES;
				CLANG_WARN_CONSTANT_CONVERSION = YES;
				CLANG_WARN_DEPRECATED_OBJC_IMPLEMENTATIONS = YES;
				CLANG_WARN_DIRECT_OBJC_ISA_USAGE = YES_ERROR;
				CLANG_WARN_DOCUMENTATION_COMMENTS = YES;
				CLANG_WARN_EMPTY_BODY = YES;
				CLANG_WARN_ENUM_CONVERSION = YES;
				CLANG_WARN_INFINITE_RECURSION = YES;
				CLANG_WARN_INT_CONVERSION = YES;
				CLANG_WARN_NON_LITERAL_NULL_CONVERSION = YES;
				CLANG_WARN_OBJC_IMPLICIT_RETAIN_SELF = YES;
				CLANG_WARN_OBJC_LITERAL_CONVERSION = YES;
				CLANG_WARN_OBJC_ROOT_CLASS = YES_ERROR;
				CLANG_WARN_QUOTED_INCLUDE_IN_FRAMEWORK_HEADER = YES;
				CLANG_WARN_RANGE_LOOP_ANALYSIS = YES;
				CLANG_WARN_STRICT_PROTOTYPES = YES;
				CLANG_WARN_SUSPICIOUS_MOVE = YES;
				CLANG_WARN_UNGUARDED_AVAILABILITY = YES_AGGRESSIVE;
				CLANG_WARN_UNREACHABLE_CODE = YES;
				CLANG_WARN__DUPLICATE_METHOD_MATCH = YES;
				COPY_PHASE_STRIP = NO;
				DEBUG_INFORMATION_FORMAT = dwarf;
				ENABLE_STRICT_OBJC_MSGSEND = YES;
				ENABLE_TESTABILITY = YES;
				ENABLE_USER_SCRIPT_SANDBOXING = YES;
				GCC_C_LANGUAGE_STANDARD = gnu17;
				GCC_DYNAMIC_NO_PIC = NO;
				GCC_NO_COMMON_BLOCKS = YES;
				GCC_OPTIMIZATION_LEVEL = 0;
				GCC_PREPROCESSOR_DEFINITIONS = (
					"DEBUG=1",
					"$(inherited)",
				);
				GCC_WARN_64_TO_32_BIT_CONVERSION = YES;
				GCC_WARN_ABOUT_RETURN_TYPE = YES_ERROR;
				GCC_WARN_UNDECLARED_SELECTOR = YES;
				GCC_WARN_UNINITIALIZED_AUTOS = YES_AGGRESSIVE;
				GCC_WARN_UNUSED_FUNCTION = YES;
				GCC_WARN_UNUSED_VARIABLE = YES;
				IPHONEOS_DEPLOYMENT_TARGET = 17.5;
				LOCALIZATION_PREFERS_STRING_CATALOGS = YES;
				MTL_ENABLE_DEBUG_INFO = INCLUDE_SOURCE;
				MTL_FAST_MATH = YES;
				ONLY_ACTIVE_ARCH = YES;
				SDKROOT = iphoneos;
				SWIFT_ACTIVE_COMPILATION_CONDITIONS = "DEBUG $(inherited)";
				SWIFT_OPTIMIZATION_LEVEL = "-Onone";
			};
			name = Debug;
		};
		CEFD3F9B2CF0AC7B0006E47A /* Release */ = {
			isa = XCBuildConfiguration;
			buildSettings = {
				ALWAYS_SEARCH_USER_PATHS = NO;
				ASSETCATALOG_COMPILER_GENERATE_SWIFT_ASSET_SYMBOL_EXTENSIONS = YES;
				CLANG_ANALYZER_NONNULL = YES;
				CLANG_ANALYZER_NUMBER_OBJECT_CONVERSION = YES_AGGRESSIVE;
				CLANG_CXX_LANGUAGE_STANDARD = "gnu++20";
				CLANG_ENABLE_MODULES = YES;
				CLANG_ENABLE_OBJC_ARC = YES;
				CLANG_ENABLE_OBJC_WEAK = YES;
				CLANG_WARN_BLOCK_CAPTURE_AUTORELEASING = YES;
				CLANG_WARN_BOOL_CONVERSION = YES;
				CLANG_WARN_COMMA = YES;
				CLANG_WARN_CONSTANT_CONVERSION = YES;
				CLANG_WARN_DEPRECATED_OBJC_IMPLEMENTATIONS = YES;
				CLANG_WARN_DIRECT_OBJC_ISA_USAGE = YES_ERROR;
				CLANG_WARN_DOCUMENTATION_COMMENTS = YES;
				CLANG_WARN_EMPTY_BODY = YES;
				CLANG_WARN_ENUM_CONVERSION = YES;
				CLANG_WARN_INFINITE_RECURSION = YES;
				CLANG_WARN_INT_CONVERSION = YES;
				CLANG_WARN_NON_LITERAL_NULL_CONVERSION = YES;
				CLANG_WARN_OBJC_IMPLICIT_RETAIN_SELF = YES;
				CLANG_WARN_OBJC_LITERAL_CONVERSION = YES;
				CLANG_WARN_OBJC_ROOT_CLASS = YES_ERROR;
				CLANG_WARN_QUOTED_INCLUDE_IN_FRAMEWORK_HEADER = YES;
				CLANG_WARN_RANGE_LOOP_ANALYSIS = YES;
				CLANG_WARN_STRICT_PROTOTYPES = YES;
				CLANG_WARN_SUSPICIOUS_MOVE = YES;
				CLANG_WARN_UNGUARDED_AVAILABILITY = YES_AGGRESSIVE;
				CLANG_WARN_UNREACHABLE_CODE = YES;
				CLANG_WARN__DUPLICATE_METHOD_MATCH = YES;
				COPY_PHASE_STRIP = NO;
				DEBUG_INFORMATION_FORMAT = "dwarf-with-dsym";
				ENABLE_NS_ASSERTIONS = NO;
				ENABLE_STRICT_OBJC_MSGSEND = YES;
				ENABLE_USER_SCRIPT_SANDBOXING = YES;
				GCC_C_LANGUAGE_STANDARD = gnu17;
				GCC_NO_COMMON_BLOCKS = YES;
				GCC_WARN_64_TO_32_BIT_CONVERSION = YES;
				GCC_WARN_ABOUT_RETURN_TYPE = YES_ERROR;
				GCC_WARN_UNDECLARED_SELECTOR = YES;
				GCC_WARN_UNINITIALIZED_AUTOS = YES_AGGRESSIVE;
				GCC_WARN_UNUSED_FUNCTION = YES;
				GCC_WARN_UNUSED_VARIABLE = YES;
				IPHONEOS_DEPLOYMENT_TARGET = 17.5;
				LOCALIZATION_PREFERS_STRING_CATALOGS = YES;
				MTL_ENABLE_DEBUG_INFO = NO;
				MTL_FAST_MATH = YES;
				SDKROOT = iphoneos;
				SWIFT_COMPILATION_MODE = wholemodule;
				VALIDATE_PRODUCT = YES;
			};
			name = Release;
		};
		CEFD3F9D2CF0AC7B0006E47A /* Debug */ = {
			isa = XCBuildConfiguration;
			buildSettings = {
				ASSETCATALOG_COMPILER_APPICON_NAME = AppIcon;
				ASSETCATALOG_COMPILER_GLOBAL_ACCENT_COLOR_NAME = AccentColor;
				CODE_SIGN_STYLE = Automatic;
				CURRENT_PROJECT_VERSION = 1;
				DEVELOPMENT_TEAM = M57W9W9YHC;
				GENERATE_INFOPLIST_FILE = YES;
				INFOPLIST_FILE = ImageFeed/Info.plist;
				INFOPLIST_KEY_UIApplicationSupportsIndirectInputEvents = YES;
				INFOPLIST_KEY_UILaunchStoryboardName = LaunchScreen;
				INFOPLIST_KEY_UIMainStoryboardFile = Main;
				INFOPLIST_KEY_UISupportedInterfaceOrientations_iPad = "UIInterfaceOrientationPortrait UIInterfaceOrientationPortraitUpsideDown UIInterfaceOrientationLandscapeLeft UIInterfaceOrientationLandscapeRight";
				INFOPLIST_KEY_UISupportedInterfaceOrientations_iPhone = "UIInterfaceOrientationPortrait UIInterfaceOrientationLandscapeLeft UIInterfaceOrientationLandscapeRight";
				LD_RUNPATH_SEARCH_PATHS = (
					"$(inherited)",
					"@executable_path/Frameworks",
				);
				MARKETING_VERSION = 1.0;
				PRODUCT_BUNDLE_IDENTIFIER = com.hanush.ulyana.ImageFeed;
				PRODUCT_NAME = "$(TARGET_NAME)";
				SWIFT_EMIT_LOC_STRINGS = YES;
				SWIFT_VERSION = 5.0;
				TARGETED_DEVICE_FAMILY = "1,2";
			};
			name = Debug;
		};
		CEFD3F9E2CF0AC7B0006E47A /* Release */ = {
			isa = XCBuildConfiguration;
			buildSettings = {
				ASSETCATALOG_COMPILER_APPICON_NAME = AppIcon;
				ASSETCATALOG_COMPILER_GLOBAL_ACCENT_COLOR_NAME = AccentColor;
				CODE_SIGN_STYLE = Automatic;
				CURRENT_PROJECT_VERSION = 1;
				DEVELOPMENT_TEAM = M57W9W9YHC;
				GENERATE_INFOPLIST_FILE = YES;
				INFOPLIST_FILE = ImageFeed/Info.plist;
				INFOPLIST_KEY_UIApplicationSupportsIndirectInputEvents = YES;
				INFOPLIST_KEY_UILaunchStoryboardName = LaunchScreen;
				INFOPLIST_KEY_UIMainStoryboardFile = Main;
				INFOPLIST_KEY_UISupportedInterfaceOrientations_iPad = "UIInterfaceOrientationPortrait UIInterfaceOrientationPortraitUpsideDown UIInterfaceOrientationLandscapeLeft UIInterfaceOrientationLandscapeRight";
				INFOPLIST_KEY_UISupportedInterfaceOrientations_iPhone = "UIInterfaceOrientationPortrait UIInterfaceOrientationLandscapeLeft UIInterfaceOrientationLandscapeRight";
				LD_RUNPATH_SEARCH_PATHS = (
					"$(inherited)",
					"@executable_path/Frameworks",
				);
				MARKETING_VERSION = 1.0;
				PRODUCT_BUNDLE_IDENTIFIER = com.hanush.ulyana.ImageFeed;
				PRODUCT_NAME = "$(TARGET_NAME)";
				SWIFT_EMIT_LOC_STRINGS = YES;
				SWIFT_VERSION = 5.0;
				TARGETED_DEVICE_FAMILY = "1,2";
			};
			name = Release;
		};
		CEFD3FA02CF0AC7B0006E47A /* Debug */ = {
			isa = XCBuildConfiguration;
			buildSettings = {
				ALWAYS_EMBED_SWIFT_STANDARD_LIBRARIES = YES;
				BUNDLE_LOADER = "$(TEST_HOST)";
				CODE_SIGN_STYLE = Automatic;
				CURRENT_PROJECT_VERSION = 1;
				DEVELOPMENT_TEAM = M57W9W9YHC;
				GENERATE_INFOPLIST_FILE = YES;
				IPHONEOS_DEPLOYMENT_TARGET = 17.5;
				MARKETING_VERSION = 1.0;
				PRODUCT_BUNDLE_IDENTIFIER = com.hanush.ulyana.ImageFeedTests;
				PRODUCT_NAME = "$(TARGET_NAME)";
				SWIFT_EMIT_LOC_STRINGS = NO;
				SWIFT_VERSION = 5.0;
				TARGETED_DEVICE_FAMILY = "1,2";
				TEST_HOST = "$(BUILT_PRODUCTS_DIR)/ImageFeed.app/$(BUNDLE_EXECUTABLE_FOLDER_PATH)/ImageFeed";
			};
			name = Debug;
		};
		CEFD3FA12CF0AC7B0006E47A /* Release */ = {
			isa = XCBuildConfiguration;
			buildSettings = {
				ALWAYS_EMBED_SWIFT_STANDARD_LIBRARIES = YES;
				BUNDLE_LOADER = "$(TEST_HOST)";
				CODE_SIGN_STYLE = Automatic;
				CURRENT_PROJECT_VERSION = 1;
				DEVELOPMENT_TEAM = M57W9W9YHC;
				GENERATE_INFOPLIST_FILE = YES;
				IPHONEOS_DEPLOYMENT_TARGET = 17.5;
				MARKETING_VERSION = 1.0;
				PRODUCT_BUNDLE_IDENTIFIER = com.hanush.ulyana.ImageFeedTests;
				PRODUCT_NAME = "$(TARGET_NAME)";
				SWIFT_EMIT_LOC_STRINGS = NO;
				SWIFT_VERSION = 5.0;
				TARGETED_DEVICE_FAMILY = "1,2";
				TEST_HOST = "$(BUILT_PRODUCTS_DIR)/ImageFeed.app/$(BUNDLE_EXECUTABLE_FOLDER_PATH)/ImageFeed";
			};
			name = Release;
		};
		CEFD3FA32CF0AC7B0006E47A /* Debug */ = {
			isa = XCBuildConfiguration;
			buildSettings = {
				ALWAYS_EMBED_SWIFT_STANDARD_LIBRARIES = YES;
				CODE_SIGN_STYLE = Automatic;
				CURRENT_PROJECT_VERSION = 1;
				DEVELOPMENT_TEAM = M57W9W9YHC;
				GENERATE_INFOPLIST_FILE = YES;
				MARKETING_VERSION = 1.0;
				PRODUCT_BUNDLE_IDENTIFIER = com.hanush.ulyana.ImageFeedUITests;
				PRODUCT_NAME = "$(TARGET_NAME)";
				SWIFT_EMIT_LOC_STRINGS = NO;
				SWIFT_VERSION = 5.0;
				TARGETED_DEVICE_FAMILY = "1,2";
				TEST_TARGET_NAME = ImageFeed;
			};
			name = Debug;
		};
		CEFD3FA42CF0AC7B0006E47A /* Release */ = {
			isa = XCBuildConfiguration;
			buildSettings = {
				ALWAYS_EMBED_SWIFT_STANDARD_LIBRARIES = YES;
				CODE_SIGN_STYLE = Automatic;
				CURRENT_PROJECT_VERSION = 1;
				DEVELOPMENT_TEAM = M57W9W9YHC;
				GENERATE_INFOPLIST_FILE = YES;
				MARKETING_VERSION = 1.0;
				PRODUCT_BUNDLE_IDENTIFIER = com.hanush.ulyana.ImageFeedUITests;
				PRODUCT_NAME = "$(TARGET_NAME)";
				SWIFT_EMIT_LOC_STRINGS = NO;
				SWIFT_VERSION = 5.0;
				TARGETED_DEVICE_FAMILY = "1,2";
				TEST_TARGET_NAME = ImageFeed;
			};
			name = Release;
		};
/* End XCBuildConfiguration section */

/* Begin XCConfigurationList section */
		CEFD3F6A2CF0AC780006E47A /* Build configuration list for PBXProject "ImageFeed" */ = {
			isa = XCConfigurationList;
			buildConfigurations = (
				CEFD3F9A2CF0AC7B0006E47A /* Debug */,
				CEFD3F9B2CF0AC7B0006E47A /* Release */,
			);
			defaultConfigurationIsVisible = 0;
			defaultConfigurationName = Release;
		};
		CEFD3F9C2CF0AC7B0006E47A /* Build configuration list for PBXNativeTarget "ImageFeed" */ = {
			isa = XCConfigurationList;
			buildConfigurations = (
				CEFD3F9D2CF0AC7B0006E47A /* Debug */,
				CEFD3F9E2CF0AC7B0006E47A /* Release */,
			);
			defaultConfigurationIsVisible = 0;
			defaultConfigurationName = Release;
		};
		CEFD3F9F2CF0AC7B0006E47A /* Build configuration list for PBXNativeTarget "ImageFeedTests" */ = {
			isa = XCConfigurationList;
			buildConfigurations = (
				CEFD3FA02CF0AC7B0006E47A /* Debug */,
				CEFD3FA12CF0AC7B0006E47A /* Release */,
			);
			defaultConfigurationIsVisible = 0;
			defaultConfigurationName = Release;
		};
		CEFD3FA22CF0AC7B0006E47A /* Build configuration list for PBXNativeTarget "ImageFeedUITests" */ = {
			isa = XCConfigurationList;
			buildConfigurations = (
				CEFD3FA32CF0AC7B0006E47A /* Debug */,
				CEFD3FA42CF0AC7B0006E47A /* Release */,
			);
			defaultConfigurationIsVisible = 0;
			defaultConfigurationName = Release;
		};
/* End XCConfigurationList section */

/* Begin XCVersionGroup section */
		CEFD3F7B2CF0AC780006E47A /* ImageFeed.xcdatamodeld */ = {
			isa = XCVersionGroup;
			children = (
				CEFD3F7C2CF0AC780006E47A /* ImageFeed.xcdatamodel */,
			);
			currentVersion = CEFD3F7C2CF0AC780006E47A /* ImageFeed.xcdatamodel */;
			path = ImageFeed.xcdatamodeld;
			sourceTree = "<group>";
			versionGroupType = wrapper.xcdatamodel;
		};
/* End XCVersionGroup section */
	};
	rootObject = CEFD3F672CF0AC780006E47A /* Project object */;
}
