// !$*UTF8*$!
{
	archiveVersion = 1;
	classes = {
	};
	objectVersion = 56;
	objects = {

/* Begin PBXBuildFile section */
		CE583BFC2D3ED27C0042E447 /* SwiftKeychainWrapper in Frameworks */ = {isa = PBXBuildFile; productRef = CE583BFB2D3ED27C0042E447 /* SwiftKeychainWrapper */; };
		CE583BFE2D3FEA8C0042E447 /* TabBarController.swift in Sources */ = {isa = PBXBuildFile; fileRef = CE583BFD2D3FEA8C0042E447 /* TabBarController.swift */; };
		CE583C342D4901F60042E447 /* ImagesListService.swift in Sources */ = {isa = PBXBuildFile; fileRef = CE583C332D4901F60042E447 /* ImagesListService.swift */; };
		CE583C372D4902DC0042E447 /* Photo.swift in Sources */ = {isa = PBXBuildFile; fileRef = CE583C362D4902DC0042E447 /* Photo.swift */; };
		CE583C392D4919D40042E447 /* PhotoResult.swift in Sources */ = {isa = PBXBuildFile; fileRef = CE583C382D4919D40042E447 /* PhotoResult.swift */; };
		CE583C802D4E23BF0042E447 /* ProgressHUD in Frameworks */ = {isa = PBXBuildFile; productRef = CE583C7F2D4E23BF0042E447 /* ProgressHUD */; };
		CE71FDE12D11B2DD00BE1D06 /* Constants.swift in Sources */ = {isa = PBXBuildFile; fileRef = CE71FDE02D11B2DD00BE1D06 /* Constants.swift */; };
		CE71FDE42D12FFC900BE1D06 /* AuthViewController.swift in Sources */ = {isa = PBXBuildFile; fileRef = CE71FDE32D12FFC900BE1D06 /* AuthViewController.swift */; };
		CE71FDE62D143E5000BE1D06 /* WebViewViewController.swift in Sources */ = {isa = PBXBuildFile; fileRef = CE71FDE52D143E5000BE1D06 /* WebViewViewController.swift */; };
		CE71FDEA2D22F95800BE1D06 /* OAuth2Service.swift in Sources */ = {isa = PBXBuildFile; fileRef = CE71FDE92D22F95800BE1D06 /* OAuth2Service.swift */; };
		CE71FDEC2D287FBD00BE1D06 /* NetworkClient.swift in Sources */ = {isa = PBXBuildFile; fileRef = CE71FDEB2D287FBD00BE1D06 /* NetworkClient.swift */; };
		CE71FDEE2D28B4AE00BE1D06 /* OAuth2TokenStorage.swift in Sources */ = {isa = PBXBuildFile; fileRef = CE71FDED2D28B4AE00BE1D06 /* OAuth2TokenStorage.swift */; };
		CE71FDF12D28B55600BE1D06 /* OAuthTokenResponseBody.swift in Sources */ = {isa = PBXBuildFile; fileRef = CE71FDF02D28B55600BE1D06 /* OAuthTokenResponseBody.swift */; };
		CE71FDF62D2BEB8E00BE1D06 /* SplashViewController.swift in Sources */ = {isa = PBXBuildFile; fileRef = CE71FDF52D2BEB8E00BE1D06 /* SplashViewController.swift */; };
		CE71FE022D306C0D00BE1D06 /* UIBlockingProgressHUD.swift in Sources */ = {isa = PBXBuildFile; fileRef = CE71FE012D306C0D00BE1D06 /* UIBlockingProgressHUD.swift */; };
		CE71FE042D35A4C100BE1D06 /* ProfileService.swift in Sources */ = {isa = PBXBuildFile; fileRef = CE71FE032D35A4C100BE1D06 /* ProfileService.swift */; };
		CEC028082D3A775A0034D925 /* ProfileImageService.swift in Sources */ = {isa = PBXBuildFile; fileRef = CEC028072D3A775A0034D925 /* ProfileImageService.swift */; };
		CEC0280D2D3C3F3E0034D925 /* ProfileResult.swift in Sources */ = {isa = PBXBuildFile; fileRef = CEC0280C2D3C3F3E0034D925 /* ProfileResult.swift */; };
		CEC0280F2D3C3F5E0034D925 /* Profile.swift in Sources */ = {isa = PBXBuildFile; fileRef = CEC0280E2D3C3F5E0034D925 /* Profile.swift */; };
		CEC028112D3C3FDF0034D925 /* UserResult.swift in Sources */ = {isa = PBXBuildFile; fileRef = CEC028102D3C3FDF0034D925 /* UserResult.swift */; };
		CEC028132D3C40000034D925 /* ProfileImage.swift in Sources */ = {isa = PBXBuildFile; fileRef = CEC028122D3C40000034D925 /* ProfileImage.swift */; };
		CEC028152D3C40DC0034D925 /* Errors.swift in Sources */ = {isa = PBXBuildFile; fileRef = CEC028142D3C40DC0034D925 /* Errors.swift */; };
		CEC0281B2D3E8B2A0034D925 /* Kingfisher in Frameworks */ = {isa = PBXBuildFile; productRef = CEC0281A2D3E8B2A0034D925 /* Kingfisher */; };
		CEC321DD2CF894B500260A7E /* ImagesListCell.swift in Sources */ = {isa = PBXBuildFile; fileRef = CEC321DC2CF894B500260A7E /* ImagesListCell.swift */; };
		CEC321DF2CF8B8E700260A7E /* Main.storyboard in Resources */ = {isa = PBXBuildFile; fileRef = CEFD3F782CF0AC780006E47A /* Main.storyboard */; };
		CEC322842CFC72B600260A7E /* LaunchScreen.storyboard in Resources */ = {isa = PBXBuildFile; fileRef = CEFD3F802CF0AC7A0006E47A /* LaunchScreen.storyboard */; };
		CEC322882CFCD5D700260A7E /* ProfileViewController.swift in Sources */ = {isa = PBXBuildFile; fileRef = CEC322872CFCD5D700260A7E /* ProfileViewController.swift */; };
		CEC3228E2D00D09100260A7E /* SingleImageViewController.swift in Sources */ = {isa = PBXBuildFile; fileRef = CEC3228D2D00D09100260A7E /* SingleImageViewController.swift */; };
		CEFD3F732CF0AC780006E47A /* AppDelegate.swift in Sources */ = {isa = PBXBuildFile; fileRef = CEFD3F722CF0AC780006E47A /* AppDelegate.swift */; };
		CEFD3F752CF0AC780006E47A /* SceneDelegate.swift in Sources */ = {isa = PBXBuildFile; fileRef = CEFD3F742CF0AC780006E47A /* SceneDelegate.swift */; };
		CEFD3F772CF0AC780006E47A /* ImagesListViewController.swift in Sources */ = {isa = PBXBuildFile; fileRef = CEFD3F762CF0AC780006E47A /* ImagesListViewController.swift */; };
		CEFD3F7D2CF0AC780006E47A /* ImageFeed.xcdatamodeld in Sources */ = {isa = PBXBuildFile; fileRef = CEFD3F7B2CF0AC780006E47A /* ImageFeed.xcdatamodeld */; };
		CEFD3F7F2CF0AC7A0006E47A /* Assets.xcassets in Resources */ = {isa = PBXBuildFile; fileRef = CEFD3F7E2CF0AC7A0006E47A /* Assets.xcassets */; };
		CEFD3F8D2CF0AC7B0006E47A /* ImageFeedTests.swift in Sources */ = {isa = PBXBuildFile; fileRef = CEFD3F8C2CF0AC7B0006E47A /* ImageFeedTests.swift */; };
		CEFD3F972CF0AC7B0006E47A /* ImageFeedUITests.swift in Sources */ = {isa = PBXBuildFile; fileRef = CEFD3F962CF0AC7B0006E47A /* ImageFeedUITests.swift */; };
		CEFD3F992CF0AC7B0006E47A /* ImageFeedUITestsLaunchTests.swift in Sources */ = {isa = PBXBuildFile; fileRef = CEFD3F982CF0AC7B0006E47A /* ImageFeedUITestsLaunchTests.swift */; };
/* End PBXBuildFile section */

/* Begin PBXContainerItemProxy section */
		CEFD3F892CF0AC7B0006E47A /* PBXContainerItemProxy */ = {
			isa = PBXContainerItemProxy;
			containerPortal = CEFD3F672CF0AC780006E47A /* Project object */;
			proxyType = 1;
			remoteGlobalIDString = CEFD3F6E2CF0AC780006E47A;
			remoteInfo = ImageFeed;
		};
		CEFD3F932CF0AC7B0006E47A /* PBXContainerItemProxy */ = {
			isa = PBXContainerItemProxy;
			containerPortal = CEFD3F672CF0AC780006E47A /* Project object */;
			proxyType = 1;
			remoteGlobalIDString = CEFD3F6E2CF0AC780006E47A;
			remoteInfo = ImageFeed;
		};
/* End PBXContainerItemProxy section */

/* Begin PBXFileReference section */
		CE583BFD2D3FEA8C0042E447 /* TabBarController.swift */ = {isa = PBXFileReference; lastKnownFileType = sourcecode.swift; path = TabBarController.swift; sourceTree = "<group>"; };
		CE583C332D4901F60042E447 /* ImagesListService.swift */ = {isa = PBXFileReference; lastKnownFileType = sourcecode.swift; path = ImagesListService.swift; sourceTree = "<group>"; };
		CE583C362D4902DC0042E447 /* Photo.swift */ = {isa = PBXFileReference; lastKnownFileType = sourcecode.swift; path = Photo.swift; sourceTree = "<group>"; };
		CE583C382D4919D40042E447 /* PhotoResult.swift */ = {isa = PBXFileReference; lastKnownFileType = sourcecode.swift; path = PhotoResult.swift; sourceTree = "<group>"; };
		CE71FDE02D11B2DD00BE1D06 /* Constants.swift */ = {isa = PBXFileReference; lastKnownFileType = sourcecode.swift; path = Constants.swift; sourceTree = "<group>"; };
		CE71FDE32D12FFC900BE1D06 /* AuthViewController.swift */ = {isa = PBXFileReference; lastKnownFileType = sourcecode.swift; path = AuthViewController.swift; sourceTree = "<group>"; };
		CE71FDE52D143E5000BE1D06 /* WebViewViewController.swift */ = {isa = PBXFileReference; lastKnownFileType = sourcecode.swift; path = WebViewViewController.swift; sourceTree = "<group>"; };
		CE71FDE92D22F95800BE1D06 /* OAuth2Service.swift */ = {isa = PBXFileReference; lastKnownFileType = sourcecode.swift; path = OAuth2Service.swift; sourceTree = "<group>"; };
		CE71FDEB2D287FBD00BE1D06 /* NetworkClient.swift */ = {isa = PBXFileReference; lastKnownFileType = sourcecode.swift; path = NetworkClient.swift; sourceTree = "<group>"; };
		CE71FDED2D28B4AE00BE1D06 /* OAuth2TokenStorage.swift */ = {isa = PBXFileReference; lastKnownFileType = sourcecode.swift; path = OAuth2TokenStorage.swift; sourceTree = "<group>"; };
		CE71FDF02D28B55600BE1D06 /* OAuthTokenResponseBody.swift */ = {isa = PBXFileReference; lastKnownFileType = sourcecode.swift; path = OAuthTokenResponseBody.swift; sourceTree = "<group>"; };
		CE71FDF52D2BEB8E00BE1D06 /* SplashViewController.swift */ = {isa = PBXFileReference; lastKnownFileType = sourcecode.swift; path = SplashViewController.swift; sourceTree = "<group>"; };
		CE71FE012D306C0D00BE1D06 /* UIBlockingProgressHUD.swift */ = {isa = PBXFileReference; lastKnownFileType = sourcecode.swift; path = UIBlockingProgressHUD.swift; sourceTree = "<group>"; };
		CE71FE032D35A4C100BE1D06 /* ProfileService.swift */ = {isa = PBXFileReference; lastKnownFileType = sourcecode.swift; path = ProfileService.swift; sourceTree = "<group>"; };
		CEC028072D3A775A0034D925 /* ProfileImageService.swift */ = {isa = PBXFileReference; lastKnownFileType = sourcecode.swift; path = ProfileImageService.swift; sourceTree = "<group>"; };
		CEC0280C2D3C3F3E0034D925 /* ProfileResult.swift */ = {isa = PBXFileReference; lastKnownFileType = sourcecode.swift; path = ProfileResult.swift; sourceTree = "<group>"; };
		CEC0280E2D3C3F5E0034D925 /* Profile.swift */ = {isa = PBXFileReference; lastKnownFileType = sourcecode.swift; path = Profile.swift; sourceTree = "<group>"; };
		CEC028102D3C3FDF0034D925 /* UserResult.swift */ = {isa = PBXFileReference; lastKnownFileType = sourcecode.swift; path = UserResult.swift; sourceTree = "<group>"; };
		CEC028122D3C40000034D925 /* ProfileImage.swift */ = {isa = PBXFileReference; lastKnownFileType = sourcecode.swift; path = ProfileImage.swift; sourceTree = "<group>"; };
		CEC028142D3C40DC0034D925 /* Errors.swift */ = {isa = PBXFileReference; lastKnownFileType = sourcecode.swift; path = Errors.swift; sourceTree = "<group>"; };
		CEC321DC2CF894B500260A7E /* ImagesListCell.swift */ = {isa = PBXFileReference; lastKnownFileType = sourcecode.swift; path = ImagesListCell.swift; sourceTree = "<group>"; };
		CEC322872CFCD5D700260A7E /* ProfileViewController.swift */ = {isa = PBXFileReference; lastKnownFileType = sourcecode.swift; path = ProfileViewController.swift; sourceTree = "<group>"; };
		CEC3228D2D00D09100260A7E /* SingleImageViewController.swift */ = {isa = PBXFileReference; lastKnownFileType = sourcecode.swift; path = SingleImageViewController.swift; sourceTree = "<group>"; };
		CEFD3F6F2CF0AC780006E47A /* ImageFeed.app */ = {isa = PBXFileReference; explicitFileType = wrapper.application; includeInIndex = 0; path = ImageFeed.app; sourceTree = BUILT_PRODUCTS_DIR; };
		CEFD3F722CF0AC780006E47A /* AppDelegate.swift */ = {isa = PBXFileReference; lastKnownFileType = sourcecode.swift; path = AppDelegate.swift; sourceTree = "<group>"; };
		CEFD3F742CF0AC780006E47A /* SceneDelegate.swift */ = {isa = PBXFileReference; lastKnownFileType = sourcecode.swift; path = SceneDelegate.swift; sourceTree = "<group>"; };
		CEFD3F762CF0AC780006E47A /* ImagesListViewController.swift */ = {isa = PBXFileReference; lastKnownFileType = sourcecode.swift; path = ImagesListViewController.swift; sourceTree = "<group>"; };
		CEFD3F792CF0AC780006E47A /* Base */ = {isa = PBXFileReference; lastKnownFileType = file.storyboard; name = Base; path = Base.lproj/Main.storyboard; sourceTree = "<group>"; };
		CEFD3F7C2CF0AC780006E47A /* ImageFeed.xcdatamodel */ = {isa = PBXFileReference; lastKnownFileType = wrapper.xcdatamodel; path = ImageFeed.xcdatamodel; sourceTree = "<group>"; };
		CEFD3F7E2CF0AC7A0006E47A /* Assets.xcassets */ = {isa = PBXFileReference; lastKnownFileType = folder.assetcatalog; path = Assets.xcassets; sourceTree = "<group>"; };
		CEFD3F812CF0AC7A0006E47A /* Base */ = {isa = PBXFileReference; lastKnownFileType = file.storyboard; name = Base; path = Base.lproj/LaunchScreen.storyboard; sourceTree = "<group>"; };
		CEFD3F832CF0AC7A0006E47A /* Info.plist */ = {isa = PBXFileReference; lastKnownFileType = text.plist.xml; path = Info.plist; sourceTree = "<group>"; };
		CEFD3F882CF0AC7B0006E47A /* ImageFeedTests.xctest */ = {isa = PBXFileReference; explicitFileType = wrapper.cfbundle; includeInIndex = 0; path = ImageFeedTests.xctest; sourceTree = BUILT_PRODUCTS_DIR; };
		CEFD3F8C2CF0AC7B0006E47A /* ImageFeedTests.swift */ = {isa = PBXFileReference; lastKnownFileType = sourcecode.swift; path = ImageFeedTests.swift; sourceTree = "<group>"; };
		CEFD3F922CF0AC7B0006E47A /* ImageFeedUITests.xctest */ = {isa = PBXFileReference; explicitFileType = wrapper.cfbundle; includeInIndex = 0; path = ImageFeedUITests.xctest; sourceTree = BUILT_PRODUCTS_DIR; };
		CEFD3F962CF0AC7B0006E47A /* ImageFeedUITests.swift */ = {isa = PBXFileReference; lastKnownFileType = sourcecode.swift; path = ImageFeedUITests.swift; sourceTree = "<group>"; };
		CEFD3F982CF0AC7B0006E47A /* ImageFeedUITestsLaunchTests.swift */ = {isa = PBXFileReference; lastKnownFileType = sourcecode.swift; path = ImageFeedUITestsLaunchTests.swift; sourceTree = "<group>"; };
/* End PBXFileReference section */

/* Begin PBXFrameworksBuildPhase section */
		CEFD3F6C2CF0AC780006E47A /* Frameworks */ = {
			isa = PBXFrameworksBuildPhase;
			buildActionMask = 2147483647;
			files = (
				CE583C802D4E23BF0042E447 /* ProgressHUD in Frameworks */,
				CEC0281B2D3E8B2A0034D925 /* Kingfisher in Frameworks */,
				CE583BFC2D3ED27C0042E447 /* SwiftKeychainWrapper in Frameworks */,
			);
			runOnlyForDeploymentPostprocessing = 0;
		};
		CEFD3F852CF0AC7B0006E47A /* Frameworks */ = {
			isa = PBXFrameworksBuildPhase;
			buildActionMask = 2147483647;
			files = (
			);
			runOnlyForDeploymentPostprocessing = 0;
		};
		CEFD3F8F2CF0AC7B0006E47A /* Frameworks */ = {
			isa = PBXFrameworksBuildPhase;
			buildActionMask = 2147483647;
			files = (
			);
			runOnlyForDeploymentPostprocessing = 0;
		};
/* End PBXFrameworksBuildPhase section */

/* Begin PBXGroup section */
		CE583BFF2D402BC50042E447 /* ServiceGeneral */ = {
			isa = PBXGroup;
			children = (
				CE71FDEB2D287FBD00BE1D06 /* NetworkClient.swift */,
				CE71FE012D306C0D00BE1D06 /* UIBlockingProgressHUD.swift */,
			);
			path = ServiceGeneral;
			sourceTree = "<group>";
		};
		CE583C0A2D415A8D0042E447 /* Models */ = {
			isa = PBXGroup;
			children = (
				CE71FDF02D28B55600BE1D06 /* OAuthTokenResponseBody.swift */,
			);
			path = Models;
			sourceTree = "<group>";
		};
		CE583C0B2D415AA80042E447 /* Service */ = {
			isa = PBXGroup;
			children = (
				CE71FDE92D22F95800BE1D06 /* OAuth2Service.swift */,
				CE71FDED2D28B4AE00BE1D06 /* OAuth2TokenStorage.swift */,
			);
			path = Service;
			sourceTree = "<group>";
		};
		CE583C0C2D415B520042E447 /* Service */ = {
			isa = PBXGroup;
			children = (
				CE71FE032D35A4C100BE1D06 /* ProfileService.swift */,
				CEC028072D3A775A0034D925 /* ProfileImageService.swift */,
			);
			path = Service;
			sourceTree = "<group>";
		};
		CE583C0D2D415B890042E447 /* ImageListView */ = {
			isa = PBXGroup;
			children = (
				CE583C352D4902BD0042E447 /* Models */,
				CE583C322D4901DC0042E447 /* Service */,
				CEFD3F762CF0AC780006E47A /* ImagesListViewController.swift */,
				CEC321DC2CF894B500260A7E /* ImagesListCell.swift */,
			);
			path = ImageListView;
			sourceTree = "<group>";
		};
		CE583C0E2D415BD90042E447 /* SingleImageView */ = {
			isa = PBXGroup;
			children = (
				CEC3228D2D00D09100260A7E /* SingleImageViewController.swift */,
			);
			path = SingleImageView;
			sourceTree = "<group>";
		};
		CE583C0F2D415C8A0042E447 /* SplashView */ = {
			isa = PBXGroup;
			children = (
				CE71FDF52D2BEB8E00BE1D06 /* SplashViewController.swift */,
			);
			path = SplashView;
			sourceTree = "<group>";
		};
		CE583C322D4901DC0042E447 /* Service */ = {
			isa = PBXGroup;
			children = (
				CE583C332D4901F60042E447 /* ImagesListService.swift */,
			);
			path = Service;
			sourceTree = "<group>";
		};
		CE583C352D4902BD0042E447 /* Models */ = {
			isa = PBXGroup;
			children = (
				CE583C362D4902DC0042E447 /* Photo.swift */,
				CE583C382D4919D40042E447 /* PhotoResult.swift */,
			);
			path = Models;
			sourceTree = "<group>";
		};
		CE71FDE22D12FFB300BE1D06 /* AuthView */ = {
			isa = PBXGroup;
			children = (
				CE583C0B2D415AA80042E447 /* Service */,
				CE583C0A2D415A8D0042E447 /* Models */,
				CE71FDE32D12FFC900BE1D06 /* AuthViewController.swift */,
				CE71FDE52D143E5000BE1D06 /* WebViewViewController.swift */,
			);
			path = AuthView;
			sourceTree = "<group>";
		};
		CEC0280B2D3C3F070034D925 /* Models */ = {
			isa = PBXGroup;
			children = (
				CEC0280C2D3C3F3E0034D925 /* ProfileResult.swift */,
				CEC0280E2D3C3F5E0034D925 /* Profile.swift */,
				CEC028102D3C3FDF0034D925 /* UserResult.swift */,
				CEC028122D3C40000034D925 /* ProfileImage.swift */,
			);
			path = Models;
			sourceTree = "<group>";
		};
		CEC3228B2CFCDCC300260A7E /* ProfileView */ = {
			isa = PBXGroup;
			children = (
				CE583C0C2D415B520042E447 /* Service */,
				CEC0280B2D3C3F070034D925 /* Models */,
				CEC322872CFCD5D700260A7E /* ProfileViewController.swift */,
			);
			path = ProfileView;
			sourceTree = "<group>";
		};
		CEFD3F662CF0AC780006E47A = {
			isa = PBXGroup;
			children = (
				CEFD3F712CF0AC780006E47A /* ImageFeed */,
				CEFD3F8B2CF0AC7B0006E47A /* ImageFeedTests */,
				CEFD3F952CF0AC7B0006E47A /* ImageFeedUITests */,
				CEFD3F702CF0AC780006E47A /* Products */,
			);
			sourceTree = "<group>";
		};
		CEFD3F702CF0AC780006E47A /* Products */ = {
			isa = PBXGroup;
			children = (
				CEFD3F6F2CF0AC780006E47A /* ImageFeed.app */,
				CEFD3F882CF0AC7B0006E47A /* ImageFeedTests.xctest */,
				CEFD3F922CF0AC7B0006E47A /* ImageFeedUITests.xctest */,
			);
			name = Products;
			sourceTree = "<group>";
		};
		CEFD3F712CF0AC780006E47A /* ImageFeed */ = {
			isa = PBXGroup;
			children = (
				CE583BFF2D402BC50042E447 /* ServiceGeneral */,
				CE583C0F2D415C8A0042E447 /* SplashView */,
				CE583C0E2D415BD90042E447 /* SingleImageView */,
				CE583C0D2D415B890042E447 /* ImageListView */,
				CE71FDE22D12FFB300BE1D06 /* AuthView */,
				CEC3228B2CFCDCC300260A7E /* ProfileView */,
				CE583BFD2D3FEA8C0042E447 /* TabBarController.swift */,
				CEFD3F742CF0AC780006E47A /* SceneDelegate.swift */,
				CEFD3F722CF0AC780006E47A /* AppDelegate.swift */,
				CEFD3F782CF0AC780006E47A /* Main.storyboard */,
				CEFD3F7E2CF0AC7A0006E47A /* Assets.xcassets */,
				CEFD3F802CF0AC7A0006E47A /* LaunchScreen.storyboard */,
				CEFD3F832CF0AC7A0006E47A /* Info.plist */,
				CE71FDE02D11B2DD00BE1D06 /* Constants.swift */,
				CEC028142D3C40DC0034D925 /* Errors.swift */,
				CEFD3F7B2CF0AC780006E47A /* ImageFeed.xcdatamodeld */,
			);
			path = ImageFeed;
			sourceTree = "<group>";
		};
		CEFD3F8B2CF0AC7B0006E47A /* ImageFeedTests */ = {
			isa = PBXGroup;
			children = (
				CEFD3F8C2CF0AC7B0006E47A /* ImageFeedTests.swift */,
			);
			path = ImageFeedTests;
			sourceTree = "<group>";
		};
		CEFD3F952CF0AC7B0006E47A /* ImageFeedUITests */ = {
			isa = PBXGroup;
			children = (
				CEFD3F962CF0AC7B0006E47A /* ImageFeedUITests.swift */,
				CEFD3F982CF0AC7B0006E47A /* ImageFeedUITestsLaunchTests.swift */,
			);
			path = ImageFeedUITests;
			sourceTree = "<group>";
		};
/* End PBXGroup section */

/* Begin PBXNativeTarget section */
		CEFD3F6E2CF0AC780006E47A /* ImageFeed */ = {
			isa = PBXNativeTarget;
			buildConfigurationList = CEFD3F9C2CF0AC7B0006E47A /* Build configuration list for PBXNativeTarget "ImageFeed" */;
			buildPhases = (
				CEFD3F6B2CF0AC780006E47A /* Sources */,
				CEFD3F6C2CF0AC780006E47A /* Frameworks */,
				CEFD3F6D2CF0AC780006E47A /* Resources */,
			);
			buildRules = (
			);
			dependencies = (
			);
			name = ImageFeed;
			packageProductDependencies = (
				CEC0281A2D3E8B2A0034D925 /* Kingfisher */,
				CE583BFB2D3ED27C0042E447 /* SwiftKeychainWrapper */,
				CE583C7F2D4E23BF0042E447 /* ProgressHUD */,
			);
			productName = ImageFeed;
			productReference = CEFD3F6F2CF0AC780006E47A /* ImageFeed.app */;
			productType = "com.apple.product-type.application";
		};
		CEFD3F872CF0AC7B0006E47A /* ImageFeedTests */ = {
			isa = PBXNativeTarget;
			buildConfigurationList = CEFD3F9F2CF0AC7B0006E47A /* Build configuration list for PBXNativeTarget "ImageFeedTests" */;
			buildPhases = (
				CEFD3F842CF0AC7B0006E47A /* Sources */,
				CEFD3F852CF0AC7B0006E47A /* Frameworks */,
				CEFD3F862CF0AC7B0006E47A /* Resources */,
			);
			buildRules = (
			);
			dependencies = (
				CEFD3F8A2CF0AC7B0006E47A /* PBXTargetDependency */,
			);
			name = ImageFeedTests;
			productName = ImageFeedTests;
			productReference = CEFD3F882CF0AC7B0006E47A /* ImageFeedTests.xctest */;
			productType = "com.apple.product-type.bundle.unit-test";
		};
		CEFD3F912CF0AC7B0006E47A /* ImageFeedUITests */ = {
			isa = PBXNativeTarget;
			buildConfigurationList = CEFD3FA22CF0AC7B0006E47A /* Build configuration list for PBXNativeTarget "ImageFeedUITests" */;
			buildPhases = (
				CEFD3F8E2CF0AC7B0006E47A /* Sources */,
				CEFD3F8F2CF0AC7B0006E47A /* Frameworks */,
				CEFD3F902CF0AC7B0006E47A /* Resources */,
			);
			buildRules = (
			);
			dependencies = (
				CEFD3F942CF0AC7B0006E47A /* PBXTargetDependency */,
			);
			name = ImageFeedUITests;
			productName = ImageFeedUITests;
			productReference = CEFD3F922CF0AC7B0006E47A /* ImageFeedUITests.xctest */;
			productType = "com.apple.product-type.bundle.ui-testing";
		};
/* End PBXNativeTarget section */

/* Begin PBXProject section */
		CEFD3F672CF0AC780006E47A /* Project object */ = {
			isa = PBXProject;
			attributes = {
				BuildIndependentTargetsInParallel = 1;
				LastSwiftUpdateCheck = 1540;
				LastUpgradeCheck = 1540;
				TargetAttributes = {
					CEFD3F6E2CF0AC780006E47A = {
						CreatedOnToolsVersion = 15.4;
					};
					CEFD3F872CF0AC7B0006E47A = {
						CreatedOnToolsVersion = 15.4;
						TestTargetID = CEFD3F6E2CF0AC780006E47A;
					};
					CEFD3F912CF0AC7B0006E47A = {
						CreatedOnToolsVersion = 15.4;
						TestTargetID = CEFD3F6E2CF0AC780006E47A;
					};
				};
			};
			buildConfigurationList = CEFD3F6A2CF0AC780006E47A /* Build configuration list for PBXProject "ImageFeed" */;
			compatibilityVersion = "Xcode 14.0";
			developmentRegion = en;
			hasScannedForEncodings = 0;
			knownRegions = (
				en,
				Base,
			);
			mainGroup = CEFD3F662CF0AC780006E47A;
			packageReferences = (
				CEC028192D3E8B2A0034D925 /* XCRemoteSwiftPackageReference "Kingfisher" */,
				CE583BFA2D3ED27C0042E447 /* XCRemoteSwiftPackageReference "SwiftKeychainWrapper" */,
				CE583C7E2D4E23BF0042E447 /* XCRemoteSwiftPackageReference "ProgressHUD" */,
			);
			productRefGroup = CEFD3F702CF0AC780006E47A /* Products */;
			projectDirPath = "";
			projectRoot = "";
			targets = (
				CEFD3F6E2CF0AC780006E47A /* ImageFeed */,
				CEFD3F872CF0AC7B0006E47A /* ImageFeedTests */,
				CEFD3F912CF0AC7B0006E47A /* ImageFeedUITests */,
			);
		};
/* End PBXProject section */

/* Begin PBXResourcesBuildPhase section */
		CEFD3F6D2CF0AC780006E47A /* Resources */ = {
			isa = PBXResourcesBuildPhase;
			buildActionMask = 2147483647;
			files = (
				CEC322842CFC72B600260A7E /* LaunchScreen.storyboard in Resources */,
				CEC321DF2CF8B8E700260A7E /* Main.storyboard in Resources */,
				CEFD3F7F2CF0AC7A0006E47A /* Assets.xcassets in Resources */,
			);
			runOnlyForDeploymentPostprocessing = 0;
		};
		CEFD3F862CF0AC7B0006E47A /* Resources */ = {
			isa = PBXResourcesBuildPhase;
			buildActionMask = 2147483647;
			files = (
			);
			runOnlyForDeploymentPostprocessing = 0;
		};
		CEFD3F902CF0AC7B0006E47A /* Resources */ = {
			isa = PBXResourcesBuildPhase;
			buildActionMask = 2147483647;
			files = (
			);
			runOnlyForDeploymentPostprocessing = 0;
		};
/* End PBXResourcesBuildPhase section */

/* Begin PBXSourcesBuildPhase section */
		CEFD3F6B2CF0AC780006E47A /* Sources */ = {
			isa = PBXSourcesBuildPhase;
			buildActionMask = 2147483647;
			files = (
				CE583C342D4901F60042E447 /* ImagesListService.swift in Sources */,
				CEC0280D2D3C3F3E0034D925 /* ProfileResult.swift in Sources */,
				CE71FDE62D143E5000BE1D06 /* WebViewViewController.swift in Sources */,
				CEFD3F772CF0AC780006E47A /* ImagesListViewController.swift in Sources */,
				CE583BFE2D3FEA8C0042E447 /* TabBarController.swift in Sources */,
				CEC0280F2D3C3F5E0034D925 /* Profile.swift in Sources */,
				CE583C392D4919D40042E447 /* PhotoResult.swift in Sources */,
				CE583C372D4902DC0042E447 /* Photo.swift in Sources */,
				CEFD3F7D2CF0AC780006E47A /* ImageFeed.xcdatamodeld in Sources */,
				CEFD3F732CF0AC780006E47A /* AppDelegate.swift in Sources */,
				CEC321DD2CF894B500260A7E /* ImagesListCell.swift in Sources */,
				CE71FDEE2D28B4AE00BE1D06 /* OAuth2TokenStorage.swift in Sources */,
				CEC028132D3C40000034D925 /* ProfileImage.swift in Sources */,
				CE71FDEA2D22F95800BE1D06 /* OAuth2Service.swift in Sources */,
				CE71FE042D35A4C100BE1D06 /* ProfileService.swift in Sources */,
				CE71FE022D306C0D00BE1D06 /* UIBlockingProgressHUD.swift in Sources */,
				CEC3228E2D00D09100260A7E /* SingleImageViewController.swift in Sources */,
				CE71FDE42D12FFC900BE1D06 /* AuthViewController.swift in Sources */,
				CEC322882CFCD5D700260A7E /* ProfileViewController.swift in Sources */,
				CE71FDEC2D287FBD00BE1D06 /* NetworkClient.swift in Sources */,
				CEC028112D3C3FDF0034D925 /* UserResult.swift in Sources */,
				CEC028082D3A775A0034D925 /* ProfileImageService.swift in Sources */,
				CEC028152D3C40DC0034D925 /* Errors.swift in Sources */,
				CE71FDF62D2BEB8E00BE1D06 /* SplashViewController.swift in Sources */,
				CE71FDF12D28B55600BE1D06 /* OAuthTokenResponseBody.swift in Sources */,
				CEFD3F752CF0AC780006E47A /* SceneDelegate.swift in Sources */,
				CE71FDE12D11B2DD00BE1D06 /* Constants.swift in Sources */,
			);
			runOnlyForDeploymentPostprocessing = 0;
		};
		CEFD3F842CF0AC7B0006E47A /* Sources */ = {
			isa = PBXSourcesBuildPhase;
			buildActionMask = 2147483647;
			files = (
				CEFD3F8D2CF0AC7B0006E47A /* ImageFeedTests.swift in Sources */,
			);
			runOnlyForDeploymentPostprocessing = 0;
		};
		CEFD3F8E2CF0AC7B0006E47A /* Sources */ = {
			isa = PBXSourcesBuildPhase;
			buildActionMask = 2147483647;
			files = (
				CEFD3F992CF0AC7B0006E47A /* ImageFeedUITestsLaunchTests.swift in Sources */,
				CEFD3F972CF0AC7B0006E47A /* ImageFeedUITests.swift in Sources */,
			);
			runOnlyForDeploymentPostprocessing = 0;
		};
/* End PBXSourcesBuildPhase section */

/* Begin PBXTargetDependency section */
		CEFD3F8A2CF0AC7B0006E47A /* PBXTargetDependency */ = {
			isa = PBXTargetDependency;
			target = CEFD3F6E2CF0AC780006E47A /* ImageFeed */;
			targetProxy = CEFD3F892CF0AC7B0006E47A /* PBXContainerItemProxy */;
		};
		CEFD3F942CF0AC7B0006E47A /* PBXTargetDependency */ = {
			isa = PBXTargetDependency;
			target = CEFD3F6E2CF0AC780006E47A /* ImageFeed */;
			targetProxy = CEFD3F932CF0AC7B0006E47A /* PBXContainerItemProxy */;
		};
/* End PBXTargetDependency section */

/* Begin PBXVariantGroup section */
		CEFD3F782CF0AC780006E47A /* Main.storyboard */ = {
			isa = PBXVariantGroup;
			children = (
				CEFD3F792CF0AC780006E47A /* Base */,
			);
			name = Main.storyboard;
			sourceTree = "<group>";
		};
		CEFD3F802CF0AC7A0006E47A /* LaunchScreen.storyboard */ = {
			isa = PBXVariantGroup;
			children = (
				CEFD3F812CF0AC7A0006E47A /* Base */,
			);
			name = LaunchScreen.storyboard;
			sourceTree = "<group>";
		};
/* End PBXVariantGroup section */

/* Begin XCBuildConfiguration section */
		CEFD3F9A2CF0AC7B0006E47A /* Debug */ = {
			isa = XCBuildConfiguration;
			buildSettings = {
				ALWAYS_SEARCH_USER_PATHS = NO;
				ASSETCATALOG_COMPILER_GENERATE_SWIFT_ASSET_SYMBOL_EXTENSIONS = YES;
				CLANG_ANALYZER_NONNULL = YES;
				CLANG_ANALYZER_NUMBER_OBJECT_CONVERSION = YES_AGGRESSIVE;
				CLANG_CXX_LANGUAGE_STANDARD = "gnu++20";
				CLANG_ENABLE_MODULES = YES;
				CLANG_ENABLE_OBJC_ARC = YES;
				CLANG_ENABLE_OBJC_WEAK = YES;
				CLANG_WARN_BLOCK_CAPTURE_AUTORELEASING = YES;
				CLANG_WARN_BOOL_CONVERSION = YES;
				CLANG_WARN_COMMA = YES;
				CLANG_WARN_CONSTANT_CONVERSION = YES;
				CLANG_WARN_DEPRECATED_OBJC_IMPLEMENTATIONS = YES;
				CLANG_WARN_DIRECT_OBJC_ISA_USAGE = YES_ERROR;
				CLANG_WARN_DOCUMENTATION_COMMENTS = YES;
				CLANG_WARN_EMPTY_BODY = YES;
				CLANG_WARN_ENUM_CONVERSION = YES;
				CLANG_WARN_INFINITE_RECURSION = YES;
				CLANG_WARN_INT_CONVERSION = YES;
				CLANG_WARN_NON_LITERAL_NULL_CONVERSION = YES;
				CLANG_WARN_OBJC_IMPLICIT_RETAIN_SELF = YES;
				CLANG_WARN_OBJC_LITERAL_CONVERSION = YES;
				CLANG_WARN_OBJC_ROOT_CLASS = YES_ERROR;
				CLANG_WARN_QUOTED_INCLUDE_IN_FRAMEWORK_HEADER = YES;
				CLANG_WARN_RANGE_LOOP_ANALYSIS = YES;
				CLANG_WARN_STRICT_PROTOTYPES = YES;
				CLANG_WARN_SUSPICIOUS_MOVE = YES;
				CLANG_WARN_UNGUARDED_AVAILABILITY = YES_AGGRESSIVE;
				CLANG_WARN_UNREACHABLE_CODE = YES;
				CLANG_WARN__DUPLICATE_METHOD_MATCH = YES;
				COPY_PHASE_STRIP = NO;
				DEBUG_INFORMATION_FORMAT = dwarf;
				ENABLE_STRICT_OBJC_MSGSEND = YES;
				ENABLE_TESTABILITY = YES;
				ENABLE_USER_SCRIPT_SANDBOXING = YES;
				GCC_C_LANGUAGE_STANDARD = gnu17;
				GCC_DYNAMIC_NO_PIC = NO;
				GCC_NO_COMMON_BLOCKS = YES;
				GCC_OPTIMIZATION_LEVEL = 0;
				GCC_PREPROCESSOR_DEFINITIONS = (
					"DEBUG=1",
					"$(inherited)",
				);
				GCC_WARN_64_TO_32_BIT_CONVERSION = YES;
				GCC_WARN_ABOUT_RETURN_TYPE = YES_ERROR;
				GCC_WARN_UNDECLARED_SELECTOR = YES;
				GCC_WARN_UNINITIALIZED_AUTOS = YES_AGGRESSIVE;
				GCC_WARN_UNUSED_FUNCTION = YES;
				GCC_WARN_UNUSED_VARIABLE = YES;
				IPHONEOS_DEPLOYMENT_TARGET = 17.5;
				LOCALIZATION_PREFERS_STRING_CATALOGS = YES;
				MTL_ENABLE_DEBUG_INFO = INCLUDE_SOURCE;
				MTL_FAST_MATH = YES;
				ONLY_ACTIVE_ARCH = YES;
				SDKROOT = iphoneos;
				SWIFT_ACTIVE_COMPILATION_CONDITIONS = "DEBUG $(inherited)";
				SWIFT_OPTIMIZATION_LEVEL = "-Onone";
			};
			name = Debug;
		};
		CEFD3F9B2CF0AC7B0006E47A /* Release */ = {
			isa = XCBuildConfiguration;
			buildSettings = {
				ALWAYS_SEARCH_USER_PATHS = NO;
				ASSETCATALOG_COMPILER_GENERATE_SWIFT_ASSET_SYMBOL_EXTENSIONS = YES;
				CLANG_ANALYZER_NONNULL = YES;
				CLANG_ANALYZER_NUMBER_OBJECT_CONVERSION = YES_AGGRESSIVE;
				CLANG_CXX_LANGUAGE_STANDARD = "gnu++20";
				CLANG_ENABLE_MODULES = YES;
				CLANG_ENABLE_OBJC_ARC = YES;
				CLANG_ENABLE_OBJC_WEAK = YES;
				CLANG_WARN_BLOCK_CAPTURE_AUTORELEASING = YES;
				CLANG_WARN_BOOL_CONVERSION = YES;
				CLANG_WARN_COMMA = YES;
				CLANG_WARN_CONSTANT_CONVERSION = YES;
				CLANG_WARN_DEPRECATED_OBJC_IMPLEMENTATIONS = YES;
				CLANG_WARN_DIRECT_OBJC_ISA_USAGE = YES_ERROR;
				CLANG_WARN_DOCUMENTATION_COMMENTS = YES;
				CLANG_WARN_EMPTY_BODY = YES;
				CLANG_WARN_ENUM_CONVERSION = YES;
				CLANG_WARN_INFINITE_RECURSION = YES;
				CLANG_WARN_INT_CONVERSION = YES;
				CLANG_WARN_NON_LITERAL_NULL_CONVERSION = YES;
				CLANG_WARN_OBJC_IMPLICIT_RETAIN_SELF = YES;
				CLANG_WARN_OBJC_LITERAL_CONVERSION = YES;
				CLANG_WARN_OBJC_ROOT_CLASS = YES_ERROR;
				CLANG_WARN_QUOTED_INCLUDE_IN_FRAMEWORK_HEADER = YES;
				CLANG_WARN_RANGE_LOOP_ANALYSIS = YES;
				CLANG_WARN_STRICT_PROTOTYPES = YES;
				CLANG_WARN_SUSPICIOUS_MOVE = YES;
				CLANG_WARN_UNGUARDED_AVAILABILITY = YES_AGGRESSIVE;
				CLANG_WARN_UNREACHABLE_CODE = YES;
				CLANG_WARN__DUPLICATE_METHOD_MATCH = YES;
				COPY_PHASE_STRIP = NO;
				DEBUG_INFORMATION_FORMAT = "dwarf-with-dsym";
				ENABLE_NS_ASSERTIONS = NO;
				ENABLE_STRICT_OBJC_MSGSEND = YES;
				ENABLE_USER_SCRIPT_SANDBOXING = YES;
				GCC_C_LANGUAGE_STANDARD = gnu17;
				GCC_NO_COMMON_BLOCKS = YES;
				GCC_WARN_64_TO_32_BIT_CONVERSION = YES;
				GCC_WARN_ABOUT_RETURN_TYPE = YES_ERROR;
				GCC_WARN_UNDECLARED_SELECTOR = YES;
				GCC_WARN_UNINITIALIZED_AUTOS = YES_AGGRESSIVE;
				GCC_WARN_UNUSED_FUNCTION = YES;
				GCC_WARN_UNUSED_VARIABLE = YES;
				IPHONEOS_DEPLOYMENT_TARGET = 17.5;
				LOCALIZATION_PREFERS_STRING_CATALOGS = YES;
				MTL_ENABLE_DEBUG_INFO = NO;
				MTL_FAST_MATH = YES;
				SDKROOT = iphoneos;
				SWIFT_COMPILATION_MODE = wholemodule;
				VALIDATE_PRODUCT = YES;
			};
			name = Release;
		};
		CEFD3F9D2CF0AC7B0006E47A /* Debug */ = {
			isa = XCBuildConfiguration;
			buildSettings = {
				ASSETCATALOG_COMPILER_APPICON_NAME = AppIcon;
				ASSETCATALOG_COMPILER_GLOBAL_ACCENT_COLOR_NAME = AccentColor;
				CODE_SIGN_STYLE = Automatic;
				CURRENT_PROJECT_VERSION = 1;
				DEVELOPMENT_TEAM = M57W9W9YHC;
				GENERATE_INFOPLIST_FILE = YES;
				INFOPLIST_FILE = ImageFeed/Info.plist;
				INFOPLIST_KEY_UIApplicationSupportsIndirectInputEvents = YES;
				INFOPLIST_KEY_UILaunchStoryboardName = LaunchScreen;
				INFOPLIST_KEY_UIMainStoryboardFile = Main;
				INFOPLIST_KEY_UIStatusBarStyle = "";
				INFOPLIST_KEY_UISupportedInterfaceOrientations = UIInterfaceOrientationPortrait;
				IPHONEOS_DEPLOYMENT_TARGET = 13.0;
				LD_RUNPATH_SEARCH_PATHS = (
					"$(inherited)",
					"@executable_path/Frameworks",
				);
				MARKETING_VERSION = 1.0;
				PRODUCT_BUNDLE_IDENTIFIER = com.hanush.ulyana.ImageFeed;
				PRODUCT_NAME = "$(TARGET_NAME)";
				SUPPORTED_PLATFORMS = "iphoneos iphonesimulator";
				SUPPORTS_MACCATALYST = NO;
				SUPPORTS_MAC_DESIGNED_FOR_IPHONE_IPAD = NO;
				SUPPORTS_XR_DESIGNED_FOR_IPHONE_IPAD = NO;
				SWIFT_EMIT_LOC_STRINGS = YES;
				SWIFT_VERSION = 5.0;
				TARGETED_DEVICE_FAMILY = 1;
			};
			name = Debug;
		};
		CEFD3F9E2CF0AC7B0006E47A /* Release */ = {
			isa = XCBuildConfiguration;
			buildSettings = {
				ASSETCATALOG_COMPILER_APPICON_NAME = AppIcon;
				ASSETCATALOG_COMPILER_GLOBAL_ACCENT_COLOR_NAME = AccentColor;
				CODE_SIGN_STYLE = Automatic;
				CURRENT_PROJECT_VERSION = 1;
				DEVELOPMENT_TEAM = M57W9W9YHC;
				GENERATE_INFOPLIST_FILE = YES;
				INFOPLIST_FILE = ImageFeed/Info.plist;
				INFOPLIST_KEY_UIApplicationSupportsIndirectInputEvents = YES;
				INFOPLIST_KEY_UILaunchStoryboardName = LaunchScreen;
				INFOPLIST_KEY_UIMainStoryboardFile = Main;
				INFOPLIST_KEY_UIStatusBarStyle = "";
				INFOPLIST_KEY_UISupportedInterfaceOrientations = UIInterfaceOrientationPortrait;
				IPHONEOS_DEPLOYMENT_TARGET = 13.0;
				LD_RUNPATH_SEARCH_PATHS = (
					"$(inherited)",
					"@executable_path/Frameworks",
				);
				MARKETING_VERSION = 1.0;
				PRODUCT_BUNDLE_IDENTIFIER = com.hanush.ulyana.ImageFeed;
				PRODUCT_NAME = "$(TARGET_NAME)";
				SUPPORTED_PLATFORMS = "iphoneos iphonesimulator";
				SUPPORTS_MACCATALYST = NO;
				SUPPORTS_MAC_DESIGNED_FOR_IPHONE_IPAD = NO;
				SUPPORTS_XR_DESIGNED_FOR_IPHONE_IPAD = NO;
				SWIFT_EMIT_LOC_STRINGS = YES;
				SWIFT_VERSION = 5.0;
				TARGETED_DEVICE_FAMILY = 1;
			};
			name = Release;
		};
		CEFD3FA02CF0AC7B0006E47A /* Debug */ = {
			isa = XCBuildConfiguration;
			buildSettings = {
				ALWAYS_EMBED_SWIFT_STANDARD_LIBRARIES = YES;
				BUNDLE_LOADER = "$(TEST_HOST)";
				CODE_SIGN_STYLE = Automatic;
				CURRENT_PROJECT_VERSION = 1;
				DEVELOPMENT_TEAM = M57W9W9YHC;
				GENERATE_INFOPLIST_FILE = YES;
				IPHONEOS_DEPLOYMENT_TARGET = 17.5;
				MARKETING_VERSION = 1.0;
				PRODUCT_BUNDLE_IDENTIFIER = com.hanush.ulyana.ImageFeedTests;
				PRODUCT_NAME = "$(TARGET_NAME)";
				SWIFT_EMIT_LOC_STRINGS = NO;
				SWIFT_VERSION = 5.0;
				TARGETED_DEVICE_FAMILY = "1,2";
				TEST_HOST = "$(BUILT_PRODUCTS_DIR)/ImageFeed.app/$(BUNDLE_EXECUTABLE_FOLDER_PATH)/ImageFeed";
			};
			name = Debug;
		};
		CEFD3FA12CF0AC7B0006E47A /* Release */ = {
			isa = XCBuildConfiguration;
			buildSettings = {
				ALWAYS_EMBED_SWIFT_STANDARD_LIBRARIES = YES;
				BUNDLE_LOADER = "$(TEST_HOST)";
				CODE_SIGN_STYLE = Automatic;
				CURRENT_PROJECT_VERSION = 1;
				DEVELOPMENT_TEAM = M57W9W9YHC;
				GENERATE_INFOPLIST_FILE = YES;
				IPHONEOS_DEPLOYMENT_TARGET = 17.5;
				MARKETING_VERSION = 1.0;
				PRODUCT_BUNDLE_IDENTIFIER = com.hanush.ulyana.ImageFeedTests;
				PRODUCT_NAME = "$(TARGET_NAME)";
				SWIFT_EMIT_LOC_STRINGS = NO;
				SWIFT_VERSION = 5.0;
				TARGETED_DEVICE_FAMILY = "1,2";
				TEST_HOST = "$(BUILT_PRODUCTS_DIR)/ImageFeed.app/$(BUNDLE_EXECUTABLE_FOLDER_PATH)/ImageFeed";
			};
			name = Release;
		};
		CEFD3FA32CF0AC7B0006E47A /* Debug */ = {
			isa = XCBuildConfiguration;
			buildSettings = {
				ALWAYS_EMBED_SWIFT_STANDARD_LIBRARIES = YES;
				CODE_SIGN_STYLE = Automatic;
				CURRENT_PROJECT_VERSION = 1;
				DEVELOPMENT_TEAM = M57W9W9YHC;
				GENERATE_INFOPLIST_FILE = YES;
				MARKETING_VERSION = 1.0;
				PRODUCT_BUNDLE_IDENTIFIER = com.hanush.ulyana.ImageFeedUITests;
				PRODUCT_NAME = "$(TARGET_NAME)";
				SWIFT_EMIT_LOC_STRINGS = NO;
				SWIFT_VERSION = 5.0;
				TARGETED_DEVICE_FAMILY = "1,2";
				TEST_TARGET_NAME = ImageFeed;
			};
			name = Debug;
		};
		CEFD3FA42CF0AC7B0006E47A /* Release */ = {
			isa = XCBuildConfiguration;
			buildSettings = {
				ALWAYS_EMBED_SWIFT_STANDARD_LIBRARIES = YES;
				CODE_SIGN_STYLE = Automatic;
				CURRENT_PROJECT_VERSION = 1;
				DEVELOPMENT_TEAM = M57W9W9YHC;
				GENERATE_INFOPLIST_FILE = YES;
				MARKETING_VERSION = 1.0;
				PRODUCT_BUNDLE_IDENTIFIER = com.hanush.ulyana.ImageFeedUITests;
				PRODUCT_NAME = "$(TARGET_NAME)";
				SWIFT_EMIT_LOC_STRINGS = NO;
				SWIFT_VERSION = 5.0;
				TARGETED_DEVICE_FAMILY = "1,2";
				TEST_TARGET_NAME = ImageFeed;
			};
			name = Release;
		};
/* End XCBuildConfiguration section */

/* Begin XCConfigurationList section */
		CEFD3F6A2CF0AC780006E47A /* Build configuration list for PBXProject "ImageFeed" */ = {
			isa = XCConfigurationList;
			buildConfigurations = (
				CEFD3F9A2CF0AC7B0006E47A /* Debug */,
				CEFD3F9B2CF0AC7B0006E47A /* Release */,
			);
			defaultConfigurationIsVisible = 0;
			defaultConfigurationName = Release;
		};
		CEFD3F9C2CF0AC7B0006E47A /* Build configuration list for PBXNativeTarget "ImageFeed" */ = {
			isa = XCConfigurationList;
			buildConfigurations = (
				CEFD3F9D2CF0AC7B0006E47A /* Debug */,
				CEFD3F9E2CF0AC7B0006E47A /* Release */,
			);
			defaultConfigurationIsVisible = 0;
			defaultConfigurationName = Release;
		};
		CEFD3F9F2CF0AC7B0006E47A /* Build configuration list for PBXNativeTarget "ImageFeedTests" */ = {
			isa = XCConfigurationList;
			buildConfigurations = (
				CEFD3FA02CF0AC7B0006E47A /* Debug */,
				CEFD3FA12CF0AC7B0006E47A /* Release */,
			);
			defaultConfigurationIsVisible = 0;
			defaultConfigurationName = Release;
		};
		CEFD3FA22CF0AC7B0006E47A /* Build configuration list for PBXNativeTarget "ImageFeedUITests" */ = {
			isa = XCConfigurationList;
			buildConfigurations = (
				CEFD3FA32CF0AC7B0006E47A /* Debug */,
				CEFD3FA42CF0AC7B0006E47A /* Release */,
			);
			defaultConfigurationIsVisible = 0;
			defaultConfigurationName = Release;
		};
/* End XCConfigurationList section */

/* Begin XCRemoteSwiftPackageReference section */
		CE583BFA2D3ED27C0042E447 /* XCRemoteSwiftPackageReference "SwiftKeychainWrapper" */ = {
			isa = XCRemoteSwiftPackageReference;
			repositoryURL = "https://github.com/jrendel/SwiftKeychainWrapper";
			requirement = {
				kind = exactVersion;
				version = 4.0.1;
			};
		};
		CE583C7E2D4E23BF0042E447 /* XCRemoteSwiftPackageReference "ProgressHUD" */ = {
			isa = XCRemoteSwiftPackageReference;
			repositoryURL = "https://github.com/relatedcode/ProgressHUD";
			requirement = {
				kind = upToNextMajorVersion;
				minimumVersion = 14.1.3;
			};
		};
		CEC028192D3E8B2A0034D925 /* XCRemoteSwiftPackageReference "Kingfisher" */ = {
			isa = XCRemoteSwiftPackageReference;
			repositoryURL = "https://github.com/onevcat/Kingfisher";
			requirement = {
				kind = exactVersion;
				version = 8.1.3;
			};
		};
/* End XCRemoteSwiftPackageReference section */

/* Begin XCSwiftPackageProductDependency section */
		CE583BFB2D3ED27C0042E447 /* SwiftKeychainWrapper */ = {
			isa = XCSwiftPackageProductDependency;
			package = CE583BFA2D3ED27C0042E447 /* XCRemoteSwiftPackageReference "SwiftKeychainWrapper" */;
			productName = SwiftKeychainWrapper;
		};
		CE583C7F2D4E23BF0042E447 /* ProgressHUD */ = {
			isa = XCSwiftPackageProductDependency;
			package = CE583C7E2D4E23BF0042E447 /* XCRemoteSwiftPackageReference "ProgressHUD" */;
			productName = ProgressHUD;
		};
		CEC0281A2D3E8B2A0034D925 /* Kingfisher */ = {
			isa = XCSwiftPackageProductDependency;
			package = CEC028192D3E8B2A0034D925 /* XCRemoteSwiftPackageReference "Kingfisher" */;
			productName = Kingfisher;
		};
/* End XCSwiftPackageProductDependency section */

/* Begin XCVersionGroup section */
		CEFD3F7B2CF0AC780006E47A /* ImageFeed.xcdatamodeld */ = {
			isa = XCVersionGroup;
			children = (
				CEFD3F7C2CF0AC780006E47A /* ImageFeed.xcdatamodel */,
			);
			currentVersion = CEFD3F7C2CF0AC780006E47A /* ImageFeed.xcdatamodel */;
			path = ImageFeed.xcdatamodeld;
			sourceTree = "<group>";
			versionGroupType = wrapper.xcdatamodel;
		};
/* End XCVersionGroup section */
	};
	rootObject = CEFD3F672CF0AC780006E47A /* Project object */;
}
